
Microsoft Visual Studio Solution File, Format Version 12.00
# Visual Studio 2012
Project("{FAE04EC0-301F-11D3-BF4B-00C04F79EFBC}") = "web", "web\web.csproj", "{97E07EFB-BA54-4819-97A3-7B0B18C07707}"
EndProject
Project("{FAE04EC0-301F-11D3-BF4B-00C04F79EFBC}") = "web.Tests", "web.Tests\web.Tests.csproj", "{FDFA0D44-5621-44E6-A8A3-FBE266AB8545}"
EndProject
Project("{FAE04EC0-301F-11D3-BF4B-00C04F79EFBC}") = "qch.core", "qch.core\qch.core.csproj", "{7B39AF3F-32B0-4AE3-A791-CE2855DED364}"
EndProject
Project("{FAE04EC0-301F-11D3-BF4B-00C04F79EFBC}") = "qch.Infrastructure", "qch.Infrastructure\qch.Infrastructure.csproj", "{AA92A157-0056-4E23-A0B5-F3B25D2B94F8}"
EndProject
Project("{FAE04EC0-301F-11D3-BF4B-00C04F79EFBC}") = "api", "api\api.csproj", "{93A26B50-6F35-4C61-BDDE-A7F73FF73A0E}"
EndProject
Project("{FAE04EC0-301F-11D3-BF4B-00C04F79EFBC}") = "Senparc.Weixin.MP.Sample.CommonService", "Senparc.Weixin.MP.Sample.CommonService\Senparc.Weixin.MP.Sample.CommonService.csproj", "{CCD291E9-16FA-4B53-B032-EBD3F659567B}"
EndProject
Global
	GlobalSection(SolutionConfigurationPlatforms) = preSolution
		Debug|Any CPU = Debug|Any CPU
		Release|Any CPU = Release|Any CPU
	EndGlobalSection
	GlobalSection(ProjectConfigurationPlatforms) = postSolution
		{97E07EFB-BA54-4819-97A3-7B0B18C07707}.Debug|Any CPU.ActiveCfg = Debug|Any CPU
		{97E07EFB-BA54-4819-97A3-7B0B18C07707}.Debug|Any CPU.Build.0 = Debug|Any CPU
		{97E07EFB-BA54-4819-97A3-7B0B18C07707}.Release|Any CPU.ActiveCfg = Release|Any CPU
		{97E07EFB-BA54-4819-97A3-7B0B18C07707}.Release|Any CPU.Build.0 = Release|Any CPU
		{FDFA0D44-5621-44E6-A8A3-FBE266AB8545}.Debug|Any CPU.ActiveCfg = Debug|Any CPU
		{FDFA0D44-5621-44E6-A8A3-FBE266AB8545}.Debug|Any CPU.Build.0 = Debug|Any CPU
		{FDFA0D44-5621-44E6-A8A3-FBE266AB8545}.Release|Any CPU.ActiveCfg = Release|Any CPU
		{FDFA0D44-5621-44E6-A8A3-FBE266AB8545}.Release|Any CPU.Build.0 = Release|Any CPU
		{7B39AF3F-32B0-4AE3-A791-CE2855DED364}.Debug|Any CPU.ActiveCfg = Debug|Any CPU
		{7B39AF3F-32B0-4AE3-A791-CE2855DED364}.Debug|Any CPU.Build.0 = Debug|Any CPU
		{7B39AF3F-32B0-4AE3-A791-CE2855DED364}.Release|Any CPU.ActiveCfg = Release|Any CPU
		{7B39AF3F-32B0-4AE3-A791-CE2855DED364}.Release|Any CPU.Build.0 = Release|Any CPU
		{AA92A157-0056-4E23-A0B5-F3B25D2B94F8}.Debug|Any CPU.ActiveCfg = Debug|Any CPU
		{AA92A157-0056-4E23-A0B5-F3B25D2B94F8}.Debug|Any CPU.Build.0 = Debug|Any CPU
		{AA92A157-0056-4E23-A0B5-F3B25D2B94F8}.Release|Any CPU.ActiveCfg = Release|Any CPU
		{AA92A157-0056-4E23-A0B5-F3B25D2B94F8}.Release|Any CPU.Build.0 = Release|Any CPU
		{93A26B50-6F35-4C61-BDDE-A7F73FF73A0E}.Debug|Any CPU.ActiveCfg = Debug|Any CPU
		{93A26B50-6F35-4C61-BDDE-A7F73FF73A0E}.Debug|Any CPU.Build.0 = Debug|Any CPU
		{93A26B50-6F35-4C61-BDDE-A7F73FF73A0E}.Release|Any CPU.ActiveCfg = Release|Any CPU
		{93A26B50-6F35-4C61-BDDE-A7F73FF73A0E}.Release|Any CPU.Build.0 = Release|Any CPU
		{CCD291E9-16FA-4B53-B032-EBD3F659567B}.Debug|Any CPU.ActiveCfg = Debug|Any CPU
		{CCD291E9-16FA-4B53-B032-EBD3F659567B}.Debug|Any CPU.Build.0 = Debug|Any CPU
		{CCD291E9-16FA-4B53-B032-EBD3F659567B}.Release|Any CPU.ActiveCfg = Release|Any CPU
		{CCD291E9-16FA-4B53-B032-EBD3F659567B}.Release|Any CPU.Build.0 = Release|Any CPU
	EndGlobalSection
	GlobalSection(SolutionProperties) = preSolution
		HideSolutionNode = FALSE
	EndGlobalSection
EndGlobal
